version = 1
revision = 1
requires-python = ">=3.12"

[[package]]
name = "psycopg"
version = "3.2.8"
source = { registry = "https://pypi.org/simple" }
dependencies = [
    { name = "typing-extensions", marker = "python_full_version < '3.13'" },
    { name = "tzdata", marker = "sys_platform == 'win32'" },
]
sdist = { url = "https://files.pythonhosted.org/packages/46/62/2d36820f3bef9e3737f5c899c8bba6c6de6af513ed977150607e8a86b26d/psycopg-3.2.8.tar.gz", hash = "sha256:cc995d836841e400c4f615d8dea351dc39697ad29df84d428f9c38c8040222f8", size = 158089 }
wheels = [
    { url = "https://files.pythonhosted.org/packages/16/3f/eda96f7010c7d6bc4e10fdbcaa66d3d0d38f1619591fb1abe0f822dea2ec/psycopg-3.2.8-py3-none-any.whl", hash = "sha256:0e960f1977d77de7f1ace4b54590f686b52c2f9ab1f61fff4141887fc711d9e7", size = 202705 },
]

[package.optional-dependencies]
binary = [
    { name = "psycopg-binary", marker = "implementation_name != 'pypy'" },
]

[[package]]
name = "psycopg-binary"
version = "3.2.8"
source = { registry = "https://pypi.org/simple" }
wheels = [
    { url = "https://files.pythonhosted.org/packages/06/8e/d4ec28505cc1694bc3d9bbb329864fa9ca13f236bf78b16da092b9a99595/psycopg_binary-3.2.8-cp312-cp312-macosx_10_13_x86_64.whl", hash = "sha256:1c330b86bc5ea67fee529d3c7b53c6394f8cacad77a3214c50fce0d5bdbc10cf", size = 4022230 },
    { url = "https://files.pythonhosted.org/packages/d0/58/ee9bbecdf02f3f2c4beaef7764438fc2f468bb72fc6bfbe570ad6359f6e6/psycopg_binary-3.2.8-cp312-cp312-macosx_11_0_arm64.whl", hash = "sha256:9ce4e637ac339bfe583ac26e18232c33f9039c93cfc01adaec550cb5e8a03f87", size = 4083799 },
    { url = "https://files.pythonhosted.org/packages/bc/da/3c52acf0e267d128bb066e53add32cbc71a2f82d523f1748e3ca530c913c/psycopg_binary-3.2.8-cp312-cp312-manylinux_2_17_aarch64.manylinux2014_aarch64.whl", hash = "sha256:272ee7cd175996c7262f7ffb561593829b448032a52c545d844bc6a4fb77b078", size = 4655046 },
    { url = "https://files.pythonhosted.org/packages/58/9b/b2ef57c791f098805299da38a0cb6929aff94e7056f5be2721d6739c6e60/psycopg_binary-3.2.8-cp312-cp312-manylinux_2_17_i686.manylinux2014_i686.whl", hash = "sha256:b7237b1abcc36c04b45916c983a6c3d799104201f72475eab367874a5f37d3e7", size = 4477969 },
    { url = "https://files.pythonhosted.org/packages/1f/d9/be82b51b12ea514573cd249eab01e59949a8f4db33a10e832cff0217eef1/psycopg_binary-3.2.8-cp312-cp312-manylinux_2_17_ppc64le.manylinux2014_ppc64le.whl", hash = "sha256:6c9a30a1d8338823603cf064637aae5580c41ed95675c7aee6a47165784d0464", size = 4737511 },
    { url = "https://files.pythonhosted.org/packages/14/14/386413b8cf41d8bc921dd8e749a8e7cf9c5439e61849caa2511d265d699d/psycopg_binary-3.2.8-cp312-cp312-manylinux_2_17_x86_64.manylinux2014_x86_64.whl", hash = "sha256:2f27d5ae05062f8ea0da6c11262ba8a1ab70864b1c18ea65d9e61636a8c72da4", size = 4436158 },
    { url = "https://files.pythonhosted.org/packages/b9/a8/757a5d85a38e3c2bd9b580d2911d7af3eb3a97818a115a82c1854707f2e1/psycopg_binary-3.2.8-cp312-cp312-musllinux_1_2_aarch64.whl", hash = "sha256:10fa234801b9b8b23799f869300c632a3298fb8daecd2d5734d08ab76e7a17cb", size = 3753518 },
    { url = "https://files.pythonhosted.org/packages/0a/52/7b38e6a81d97aeacdb58cb73ca9cd29514071409ec7bd8b301bed97df199/psycopg_binary-3.2.8-cp312-cp312-musllinux_1_2_i686.whl", hash = "sha256:b055dba7df07c39f6a40a71862bf5525320350e3bd4c6d1809342fb7061d111f", size = 3313599 },
    { url = "https://files.pythonhosted.org/packages/83/77/e74d3f5dcdd94858b5f6e255fd7cab5a7cdc5e9812b08faf3ae88a9b30ba/psycopg_binary-3.2.8-cp312-cp312-musllinux_1_2_ppc64le.whl", hash = "sha256:8c36b8d3f76e2831f3b33f34226952ed39d1d6a79cb2ca2bf044f28df9c6b5f0", size = 3407291 },
    { url = "https://files.pythonhosted.org/packages/fd/30/3d0a5931dacd5faeb94136d26a5cdbcd6bc4fa0005e71e6932b86f34db2e/psycopg_binary-3.2.8-cp312-cp312-musllinux_1_2_x86_64.whl", hash = "sha256:764f9163ad9cfd32abd2d06f3000a52faf7a2b2411801d681ebe9158d72b46d5", size = 3472496 },
    { url = "https://files.pythonhosted.org/packages/3f/2d/21663d776fdbb3f49b581d9be5137aef9fe5d7dee750ee8085d383449d3a/psycopg_binary-3.2.8-cp312-cp312-win_amd64.whl", hash = "sha256:d8fa6fec9f7e225458d0031c43dd6d20673f55953eebe539d37e4b94b8831984", size = 3773878 },
    { url = "https://files.pythonhosted.org/packages/e8/0c/6a29d13d947021e200b5933858a1399a45587bc2e698a2864622e454e84d/psycopg_binary-3.2.8-cp313-cp313-macosx_10_13_x86_64.whl", hash = "sha256:84f03982598a6353cf70cafae34c16da28eac74ba9862cc740b6ba0dcf9721fc", size = 4017121 },
    { url = "https://files.pythonhosted.org/packages/7b/2d/49b881a66b8264ae8f9cb60db588838a97f12d2c8355bbbe6966539895d9/psycopg_binary-3.2.8-cp313-cp313-macosx_11_0_arm64.whl", hash = "sha256:d247f55b28afc4a87b77240e733419ad0c82be2ec122a0b93fbb227ee0e6608e", size = 4080326 },
    { url = "https://files.pythonhosted.org/packages/44/bd/3752c86f6819797c722b48af3513837d1c31accc2216ebe5c02f857ff6aa/psycopg_binary-3.2.8-cp313-cp313-manylinux_2_17_aarch64.manylinux2014_aarch64.whl", hash = "sha256:89eb0c15c0eec1c81256e9df3c01d9bd1067f4365872f6f81da7521ab30e19de", size = 4655096 },
    { url = "https://files.pythonhosted.org/packages/fe/c8/ee544b8a73b52ab5b91ff36274f48628204b6f2edafdbe1f47a5473ee4c4/psycopg_binary-3.2.8-cp313-cp313-manylinux_2_17_i686.manylinux2014_i686.whl", hash = "sha256:43aef90bdc201f2d375e5996d44124c588d3a7ce9f67c79f30531cdc5ead2c3d", size = 4482112 },
    { url = "https://files.pythonhosted.org/packages/dc/f1/5d83d6069c0e69fd623088022f08bcaab3af39ca82be82846278f83ff6ea/psycopg_binary-3.2.8-cp313-cp313-manylinux_2_17_ppc64le.manylinux2014_ppc64le.whl", hash = "sha256:b60a17eca6a6906af8084c518be81bd71a3d50ddc69c0dc667d6ce9b8f4d8604", size = 4737683 },
    { url = "https://files.pythonhosted.org/packages/84/19/2e1df0c4e30ec95d7c553507329661400f2deed7f54734196ce9fb6257aa/psycopg_binary-3.2.8-cp313-cp313-manylinux_2_17_x86_64.manylinux2014_x86_64.whl", hash = "sha256:8297d92f41e19b6794b04bdf7d53938a5ad8e68f7105b50048a078477b7ee4b8", size = 4437422 },
    { url = "https://files.pythonhosted.org/packages/ad/8c/491827d42ebca49b3478b66ee160ba3055f3122eb27db33de8606d02e1e4/psycopg_binary-3.2.8-cp313-cp313-musllinux_1_2_aarch64.whl", hash = "sha256:a547d53e615776f8e79768aacd7a12c6f0131fa1d6820d2e3e848261b0ad3849", size = 3758667 },
    { url = "https://files.pythonhosted.org/packages/09/55/617735f4110cc0d0e5e24a42e738f9d3ea73a00d9e88d57a657af0b7cb5f/psycopg_binary-3.2.8-cp313-cp313-musllinux_1_2_i686.whl", hash = "sha256:058cfd606f1dc0be9b5a80d208fb9b487f7b4986a955322cbb45cee7e3e8056e", size = 3320577 },
    { url = "https://files.pythonhosted.org/packages/88/97/69300bf1354c43bba633826ebd82a1c804541679e4ab53b96bb0eaafe4fb/psycopg_binary-3.2.8-cp313-cp313-musllinux_1_2_ppc64le.whl", hash = "sha256:15d21ed3292fb19b6ab096c3522d561d196eeef3903c31f1318df7478eb96fa5", size = 3411439 },
    { url = "https://files.pythonhosted.org/packages/14/64/5a0aa4c3ddfbf6530b24aecff97e3eb9a0eedf67c61a0ff1dd95d847f5c7/psycopg_binary-3.2.8-cp313-cp313-musllinux_1_2_x86_64.whl", hash = "sha256:a6384f81c33a369144e4b98cbb4bf3ec4ac102ae11cfb84e70cf99aa43a44925", size = 3477479 },
    { url = "https://files.pythonhosted.org/packages/50/33/f08b2d0b6608e51f013fa877bcc296baaac653b1658d7f1e35c6793fece4/psycopg_binary-3.2.8-cp313-cp313-win_amd64.whl", hash = "sha256:60db59a0f1676f70c027a8273b7b360af85ef87bf43cd49eb63727b72a170a9f", size = 3774539 },
]

[[package]]
name = "ruff"
version = "0.11.9"
source = { registry = "https://pypi.org/simple" }
sdist = { url = "https://files.pythonhosted.org/packages/f5/e7/e55dda1c92cdcf34b677ebef17486669800de01e887b7831a1b8fdf5cb08/ruff-0.11.9.tar.gz", hash = "sha256:ebd58d4f67a00afb3a30bf7d383e52d0e036e6195143c6db7019604a05335517", size = 4132134 }
wheels = [
    { url = "https://files.pythonhosted.org/packages/fb/71/75dfb7194fe6502708e547941d41162574d1f579c4676a8eb645bf1a6842/ruff-0.11.9-py3-none-linux_armv6l.whl", hash = "sha256:a31a1d143a5e6f499d1fb480f8e1e780b4dfdd580f86e05e87b835d22c5c6f8c", size = 10335453 },
    { url = "https://files.pythonhosted.org/packages/74/fc/ad80c869b1732f53c4232bbf341f33c5075b2c0fb3e488983eb55964076a/ruff-0.11.9-py3-none-macosx_10_12_x86_64.whl", hash = "sha256:66bc18ca783b97186a1f3100e91e492615767ae0a3be584e1266aa9051990722", size = 11072566 },
    { url = "https://files.pythonhosted.org/packages/87/0d/0ccececef8a0671dae155cbf7a1f90ea2dd1dba61405da60228bbe731d35/ruff-0.11.9-py3-none-macosx_11_0_arm64.whl", hash = "sha256:bd576cd06962825de8aece49f28707662ada6a1ff2db848d1348e12c580acbf1", size = 10435020 },
    { url = "https://files.pythonhosted.org/packages/52/01/e249e1da6ad722278094e183cbf22379a9bbe5f21a3e46cef24ccab76e22/ruff-0.11.9-py3-none-manylinux_2_17_aarch64.manylinux2014_aarch64.whl", hash = "sha256:5b1d18b4be8182cc6fddf859ce432cc9631556e9f371ada52f3eaefc10d878de", size = 10593935 },
    { url = "https://files.pythonhosted.org/packages/ed/9a/40cf91f61e3003fe7bd43f1761882740e954506c5a0f9097b1cff861f04c/ruff-0.11.9-py3-none-manylinux_2_17_armv7l.manylinux2014_armv7l.whl", hash = "sha256:0f3f46f759ac623e94824b1e5a687a0df5cd7f5b00718ff9c24f0a894a683be7", size = 10172971 },
    { url = "https://files.pythonhosted.org/packages/61/12/d395203de1e8717d7a2071b5a340422726d4736f44daf2290aad1085075f/ruff-0.11.9-py3-none-manylinux_2_17_i686.manylinux2014_i686.whl", hash = "sha256:f34847eea11932d97b521450cf3e1d17863cfa5a94f21a056b93fb86f3f3dba2", size = 11748631 },
    { url = "https://files.pythonhosted.org/packages/66/d6/ef4d5eba77677eab511644c37c55a3bb8dcac1cdeb331123fe342c9a16c9/ruff-0.11.9-py3-none-manylinux_2_17_ppc64.manylinux2014_ppc64.whl", hash = "sha256:f33b15e00435773df97cddcd263578aa83af996b913721d86f47f4e0ee0ff271", size = 12409236 },
    { url = "https://files.pythonhosted.org/packages/c5/8f/5a2c5fc6124dd925a5faf90e1089ee9036462118b619068e5b65f8ea03df/ruff-0.11.9-py3-none-manylinux_2_17_ppc64le.manylinux2014_ppc64le.whl", hash = "sha256:7b27613a683b086f2aca8996f63cb3dd7bc49e6eccf590563221f7b43ded3f65", size = 11881436 },
    { url = "https://files.pythonhosted.org/packages/39/d1/9683f469ae0b99b95ef99a56cfe8c8373c14eba26bd5c622150959ce9f64/ruff-0.11.9-py3-none-manylinux_2_17_s390x.manylinux2014_s390x.whl", hash = "sha256:9e0d88756e63e8302e630cee3ce2ffb77859797cc84a830a24473939e6da3ca6", size = 13982759 },
    { url = "https://files.pythonhosted.org/packages/4e/0b/c53a664f06e0faab596397867c6320c3816df479e888fe3af63bc3f89699/ruff-0.11.9-py3-none-manylinux_2_17_x86_64.manylinux2014_x86_64.whl", hash = "sha256:537c82c9829d7811e3aa680205f94c81a2958a122ac391c0eb60336ace741a70", size = 11541985 },
    { url = "https://files.pythonhosted.org/packages/23/a0/156c4d7e685f6526a636a60986ee4a3c09c8c4e2a49b9a08c9913f46c139/ruff-0.11.9-py3-none-musllinux_1_2_aarch64.whl", hash = "sha256:440ac6a7029f3dee7d46ab7de6f54b19e34c2b090bb4f2480d0a2d635228f381", size = 10465775 },
    { url = "https://files.pythonhosted.org/packages/43/d5/88b9a6534d9d4952c355e38eabc343df812f168a2c811dbce7d681aeb404/ruff-0.11.9-py3-none-musllinux_1_2_armv7l.whl", hash = "sha256:71c539bac63d0788a30227ed4d43b81353c89437d355fdc52e0cda4ce5651787", size = 10170957 },
    { url = "https://files.pythonhosted.org/packages/f0/b8/2bd533bdaf469dc84b45815ab806784d561fab104d993a54e1852596d581/ruff-0.11.9-py3-none-musllinux_1_2_i686.whl", hash = "sha256:c67117bc82457e4501473c5f5217d49d9222a360794bfb63968e09e70f340abd", size = 11143307 },
    { url = "https://files.pythonhosted.org/packages/2f/d9/43cfba291788459b9bfd4e09a0479aa94d05ab5021d381a502d61a807ec1/ruff-0.11.9-py3-none-musllinux_1_2_x86_64.whl", hash = "sha256:e4b78454f97aa454586e8a5557facb40d683e74246c97372af3c2d76901d697b", size = 11603026 },
    { url = "https://files.pythonhosted.org/packages/22/e6/7ed70048e89b01d728ccc950557a17ecf8df4127b08a56944b9d0bae61bc/ruff-0.11.9-py3-none-win32.whl", hash = "sha256:7fe1bc950e7d7b42caaee2a8a3bc27410547cc032c9558ee2e0f6d3b209e845a", size = 10548627 },
    { url = "https://files.pythonhosted.org/packages/90/36/1da5d566271682ed10f436f732e5f75f926c17255c9c75cefb77d4bf8f10/ruff-0.11.9-py3-none-win_amd64.whl", hash = "sha256:52edaa4a6d70f8180343a5b7f030c7edd36ad180c9f4d224959c2d689962d964", size = 11634340 },
    { url = "https://files.pythonhosted.org/packages/40/f7/70aad26e5877c8f7ee5b161c4c9fa0100e63fc4c944dc6d97b9c7e871417/ruff-0.11.9-py3-none-win_arm64.whl", hash = "sha256:bcf42689c22f2e240f496d0c183ef2c6f7b35e809f12c1db58f75d9aa8d630ca", size = 10741080 },
]

[[package]]
name = "sql-playground"
version = "0.1.0"
source = { virtual = "." }
dependencies = [
    { name = "psycopg", extra = ["binary"] },
    { name = "ruff" },
]

[package.metadata]
requires-dist = [
    { name = "psycopg", extras = ["binary"], specifier = ">=3.2.8" },
    { name = "ruff", specifier = ">=0.11.9" },
]

[[package]]
name = "typing-extensions"
version = "4.13.2"
source = { registry = "https://pypi.org/simple" }
sdist = { url = "https://files.pythonhosted.org/packages/f6/37/23083fcd6e35492953e8d2aaaa68b860eb422b34627b13f2ce3eb6106061/typing_extensions-4.13.2.tar.gz", hash = "sha256:e6c81219bd689f51865d9e372991c540bda33a0379d5573cddb9a3a23f7caaef", size = 106967 }
wheels = [
    { url = "https://files.pythonhosted.org/packages/8b/54/b1ae86c0973cc6f0210b53d508ca3641fb6d0c56823f288d108bc7ab3cc8/typing_extensions-4.13.2-py3-none-any.whl", hash = "sha256:a439e7c04b49fec3e5d3e2beaa21755cadbbdc391694e28ccdd36ca4a1408f8c", size = 45806 },
]

[[package]]
name = "tzdata"
version = "2025.2"
source = { registry = "https://pypi.org/simple" }
sdist = { url = "https://files.pythonhosted.org/packages/95/32/1a225d6164441be760d75c2c42e2780dc0873fe382da3e98a2e1e48361e5/tzdata-2025.2.tar.gz", hash = "sha256:b60a638fcc0daffadf82fe0f57e53d06bdec2f36c4df66280ae79bce6bd6f2b9", size = 196380 }
wheels = [
    { url = "https://files.pythonhosted.org/packages/5c/23/c7abc0ca0a1526a0774eca151daeb8de62ec457e77262b66b359c3c7679e/tzdata-2025.2-py2.py3-none-any.whl", hash = "sha256:1a403fada01ff9221ca8044d701868fa132215d84beb92242d9acd2147f667a8", size = 347839 },
]
